
Microsoft Visual Studio Solution File, Format Version 12.00
# Visual Studio 2012
Project("{8BC9CEB8-8B4A-11D0-8D11-00A0C91BC942}") = "CoreLibrary", "CoreLibrary\CoreLibrary.vcxproj", "{5D4EAE2E-D0F9-4D27-9B27-F168E9C7740D}"
EndProject
Project("{8BC9CEB8-8B4A-11D0-8D11-00A0C91BC942}") = "TestThreads", "TestThreads\TestThreads.vcxproj", "{97788A15-0ABA-4551-B30C-DCD8D31F04F0}"
	ProjectSection(ProjectDependencies) = postProject
		{5D4EAE2E-D0F9-4D27-9B27-F168E9C7740D} = {5D4EAE2E-D0F9-4D27-9B27-F168E9C7740D}
	EndProjectSection
EndProject
Global
	GlobalSection(SolutionConfigurationPlatforms) = preSolution
		Debug|Win32 = Debug|Win32
		Release|Win32 = Release|Win32
	EndGlobalSection
	GlobalSection(ProjectConfigurationPlatforms) = postSolution
		{5D4EAE2E-D0F9-4D27-9B27-F168E9C7740D}.Debug|Win32.ActiveCfg = Debug|Win32
		{5D4EAE2E-D0F9-4D27-9B27-F168E9C7740D}.Debug|Win32.Build.0 = Debug|Win32
		{5D4EAE2E-D0F9-4D27-9B27-F168E9C7740D}.Release|Win32.ActiveCfg = Release|Win32
		{5D4EAE2E-D0F9-4D27-9B27-F168E9C7740D}.Release|Win32.Build.0 = Release|Win32
		{97788A15-0ABA-4551-B30C-DCD8D31F04F0}.Debug|Win32.ActiveCfg = Debug|Win32
		{97788A15-0ABA-4551-B30C-DCD8D31F04F0}.Debug|Win32.Build.0 = Debug|Win32
		{97788A15-0ABA-4551-B30C-DCD8D31F04F0}.Release|Win32.ActiveCfg = Release|Win32
		{97788A15-0ABA-4551-B30C-DCD8D31F04F0}.Release|Win32.Build.0 = Release|Win32
	EndGlobalSection
	GlobalSection(SolutionProperties) = preSolution
		HideSolutionNode = FALSE
	EndGlobalSection
EndGlobal
